// !$*UTF8*$!
{
	archiveVersion = 1;
	classes = {
	};
	objectVersion = 56;
	objects = {

/* Begin PBXBuildFile section */
		003052012A6EF2CF00CDBF4F /* CookcademyApp.swift in Sources */ = {isa = PBXBuildFile; fileRef = 003052002A6EF2CF00CDBF4F /* CookcademyApp.swift */; };
		003052032A6EF2CF00CDBF4F /* RecipesListView.swift in Sources */ = {isa = PBXBuildFile; fileRef = 003052022A6EF2CF00CDBF4F /* RecipesListView.swift */; };
		003052052A6EF2D000CDBF4F /* Assets.xcassets in Resources */ = {isa = PBXBuildFile; fileRef = 003052042A6EF2D000CDBF4F /* Assets.xcassets */; };
		003052082A6EF2D000CDBF4F /* Preview Assets.xcassets in Resources */ = {isa = PBXBuildFile; fileRef = 003052072A6EF2D000CDBF4F /* Preview Assets.xcassets */; };
		0030520F2A6EF36F00CDBF4F /* Recipe.swift in Sources */ = {isa = PBXBuildFile; fileRef = 0030520E2A6EF36F00CDBF4F /* Recipe.swift */; };
		00449DA42A799E8200D0778D /* ModifyMainInformationView.swift in Sources */ = {isa = PBXBuildFile; fileRef = 00449DA32A799E8200D0778D /* ModifyMainInformationView.swift */; };
		00449DA62A79B42100D0778D /* ModifyIngredientView.swift in Sources */ = {isa = PBXBuildFile; fileRef = 00449DA52A79B42100D0778D /* ModifyIngredientView.swift */; };
		00449DA82A79B72A00D0778D /* ModifyComponentsView.swift in Sources */ = {isa = PBXBuildFile; fileRef = 00449DA72A79B72A00D0778D /* ModifyComponentsView.swift */; };
		00449DAA2A7C6A3A00D0778D /* ModifyDirectionView.swift in Sources */ = {isa = PBXBuildFile; fileRef = 00449DA92A7C6A3A00D0778D /* ModifyDirectionView.swift */; };
		005AF6872A75938D00314523 /* ModifyRecipeView.swift in Sources */ = {isa = PBXBuildFile; fileRef = 005AF6862A75938D00314523 /* ModifyRecipeView.swift */; };
		006617842A6F3C320014D00D /* RecipeData.swift in Sources */ = {isa = PBXBuildFile; fileRef = 006617832A6F3C320014D00D /* RecipeData.swift */; };
		006617862A6F3E3B0014D00D /* RecipeDetailView.swift in Sources */ = {isa = PBXBuildFile; fileRef = 006617852A6F3E3B0014D00D /* RecipeDetailView.swift */; };
		006617882A6F40150014D00D /* AppColor.swift in Sources */ = {isa = PBXBuildFile; fileRef = 006617872A6F40150014D00D /* AppColor.swift */; };
		0066178A2A6F43BA0014D00D /* RecipeCategoryGridView.swift in Sources */ = {isa = PBXBuildFile; fileRef = 006617892A6F43BA0014D00D /* RecipeCategoryGridView.swift */; };
		00ED6CA72A81B1ED00616E1C /* MainTabView.swift in Sources */ = {isa = PBXBuildFile; fileRef = 00ED6CA62A81B1ED00616E1C /* MainTabView.swift */; };
/* End PBXBuildFile section */

/* Begin PBXFileReference section */
		003051FD2A6EF2CF00CDBF4F /* Cookcademy.app */ = {isa = PBXFileReference; explicitFileType = wrapper.application; includeInIndex = 0; path = Cookcademy.app; sourceTree = BUILT_PRODUCTS_DIR; };
		003052002A6EF2CF00CDBF4F /* CookcademyApp.swift */ = {isa = PBXFileReference; lastKnownFileType = sourcecode.swift; path = CookcademyApp.swift; sourceTree = "<group>"; };
		003052022A6EF2CF00CDBF4F /* RecipesListView.swift */ = {isa = PBXFileReference; lastKnownFileType = sourcecode.swift; path = RecipesListView.swift; sourceTree = "<group>"; };
		003052042A6EF2D000CDBF4F /* Assets.xcassets */ = {isa = PBXFileReference; lastKnownFileType = folder.assetcatalog; path = Assets.xcassets; sourceTree = "<group>"; };
		003052072A6EF2D000CDBF4F /* Preview Assets.xcassets */ = {isa = PBXFileReference; lastKnownFileType = folder.assetcatalog; path = "Preview Assets.xcassets"; sourceTree = "<group>"; };
		0030520E2A6EF36F00CDBF4F /* Recipe.swift */ = {isa = PBXFileReference; lastKnownFileType = sourcecode.swift; path = Recipe.swift; sourceTree = "<group>"; };
		00449DA32A799E8200D0778D /* ModifyMainInformationView.swift */ = {isa = PBXFileReference; lastKnownFileType = sourcecode.swift; path = ModifyMainInformationView.swift; sourceTree = "<group>"; };
		00449DA52A79B42100D0778D /* ModifyIngredientView.swift */ = {isa = PBXFileReference; lastKnownFileType = sourcecode.swift; path = ModifyIngredientView.swift; sourceTree = "<group>"; };
		00449DA72A79B72A00D0778D /* ModifyComponentsView.swift */ = {isa = PBXFileReference; lastKnownFileType = sourcecode.swift; path = ModifyComponentsView.swift; sourceTree = "<group>"; };
		00449DA92A7C6A3A00D0778D /* ModifyDirectionView.swift */ = {isa = PBXFileReference; lastKnownFileType = sourcecode.swift; path = ModifyDirectionView.swift; sourceTree = "<group>"; };
		005AF6862A75938D00314523 /* ModifyRecipeView.swift */ = {isa = PBXFileReference; lastKnownFileType = sourcecode.swift; path = ModifyRecipeView.swift; sourceTree = "<group>"; };
		006617832A6F3C320014D00D /* RecipeData.swift */ = {isa = PBXFileReference; lastKnownFileType = sourcecode.swift; path = RecipeData.swift; sourceTree = "<group>"; };
		006617852A6F3E3B0014D00D /* RecipeDetailView.swift */ = {isa = PBXFileReference; lastKnownFileType = sourcecode.swift; path = RecipeDetailView.swift; sourceTree = "<group>"; };
		006617872A6F40150014D00D /* AppColor.swift */ = {isa = PBXFileReference; lastKnownFileType = sourcecode.swift; path = AppColor.swift; sourceTree = "<group>"; };
		006617892A6F43BA0014D00D /* RecipeCategoryGridView.swift */ = {isa = PBXFileReference; lastKnownFileType = sourcecode.swift; path = RecipeCategoryGridView.swift; sourceTree = "<group>"; };
		00ED6CA62A81B1ED00616E1C /* MainTabView.swift */ = {isa = PBXFileReference; lastKnownFileType = sourcecode.swift; path = MainTabView.swift; sourceTree = "<group>"; };
/* End PBXFileReference section */

/* Begin PBXFrameworksBuildPhase section */
		003051FA2A6EF2CF00CDBF4F /* Frameworks */ = {
			isa = PBXFrameworksBuildPhase;
			buildActionMask = 2147483647;
			files = (
			);
			runOnlyForDeploymentPostprocessing = 0;
		};
/* End PBXFrameworksBuildPhase section */

/* Begin PBXGroup section */
		003051F42A6EF2CF00CDBF4F = {
			isa = PBXGroup;
			children = (
				003051FF2A6EF2CF00CDBF4F /* Cookcademy */,
				003051FE2A6EF2CF00CDBF4F /* Products */,
			);
			sourceTree = "<group>";
		};
		003051FE2A6EF2CF00CDBF4F /* Products */ = {
			isa = PBXGroup;
			children = (
				003051FD2A6EF2CF00CDBF4F /* Cookcademy.app */,
			);
			name = Products;
			sourceTree = "<group>";
		};
		003051FF2A6EF2CF00CDBF4F /* Cookcademy */ = {
			isa = PBXGroup;
			children = (
				006617822A6F3AF30014D00D /* Models */,
				006617802A6F3ADB0014D00D /* Views */,
				006617812A6F3AE80014D00D /* ViewModels */,
				003052002A6EF2CF00CDBF4F /* CookcademyApp.swift */,
				003052042A6EF2D000CDBF4F /* Assets.xcassets */,
				003052062A6EF2D000CDBF4F /* Preview Content */,
			);
			path = Cookcademy;
			sourceTree = "<group>";
		};
		003052062A6EF2D000CDBF4F /* Preview Content */ = {
			isa = PBXGroup;
			children = (
				003052072A6EF2D000CDBF4F /* Preview Assets.xcassets */,
			);
			path = "Preview Content";
			sourceTree = "<group>";
		};
		005AF6842A75933F00314523 /* ExploreRecipes */ = {
			isa = PBXGroup;
			children = (
				003052022A6EF2CF00CDBF4F /* RecipesListView.swift */,
				006617852A6F3E3B0014D00D /* RecipeDetailView.swift */,
				006617892A6F43BA0014D00D /* RecipeCategoryGridView.swift */,
			);
			path = ExploreRecipes;
			sourceTree = "<group>";
		};
		005AF6852A75935C00314523 /* ModifyRecipes */ = {
			isa = PBXGroup;
			children = (
				005AF6862A75938D00314523 /* ModifyRecipeView.swift */,
				00449DA32A799E8200D0778D /* ModifyMainInformationView.swift */,
				00449DA52A79B42100D0778D /* ModifyIngredientView.swift */,
				00449DA72A79B72A00D0778D /* ModifyComponentsView.swift */,
				00449DA92A7C6A3A00D0778D /* ModifyDirectionView.swift */,
			);
			path = ModifyRecipes;
			sourceTree = "<group>";
		};
		006617802A6F3ADB0014D00D /* Views */ = {
			isa = PBXGroup;
			children = (
				005AF6852A75935C00314523 /* ModifyRecipes */,
				005AF6842A75933F00314523 /* ExploreRecipes */,
				00ED6CA62A81B1ED00616E1C /* MainTabView.swift */,
			);
			path = Views;
			sourceTree = "<group>";
		};
		006617812A6F3AE80014D00D /* ViewModels */ = {
			isa = PBXGroup;
			children = (
				006617832A6F3C320014D00D /* RecipeData.swift */,
				006617872A6F40150014D00D /* AppColor.swift */,
			);
			path = ViewModels;
			sourceTree = "<group>";
		};
		006617822A6F3AF30014D00D /* Models */ = {
			isa = PBXGroup;
			children = (
				0030520E2A6EF36F00CDBF4F /* Recipe.swift */,
			);
			path = Models;
			sourceTree = "<group>";
		};
/* End PBXGroup section */

/* Begin PBXNativeTarget section */
		003051FC2A6EF2CF00CDBF4F /* Cookcademy */ = {
			isa = PBXNativeTarget;
			buildConfigurationList = 0030520B2A6EF2D000CDBF4F /* Build configuration list for PBXNativeTarget "Cookcademy" */;
			buildPhases = (
				003051F92A6EF2CF00CDBF4F /* Sources */,
				003051FA2A6EF2CF00CDBF4F /* Frameworks */,
				003051FB2A6EF2CF00CDBF4F /* Resources */,
			);
			buildRules = (
			);
			dependencies = (
			);
			name = Cookcademy;
			productName = Cookcademy;
			productReference = 003051FD2A6EF2CF00CDBF4F /* Cookcademy.app */;
			productType = "com.apple.product-type.application";
		};
/* End PBXNativeTarget section */

/* Begin PBXProject section */
		003051F52A6EF2CF00CDBF4F /* Project object */ = {
			isa = PBXProject;
			attributes = {
				BuildIndependentTargetsInParallel = 1;
				LastSwiftUpdateCheck = 1430;
				LastUpgradeCheck = 1430;
				TargetAttributes = {
					003051FC2A6EF2CF00CDBF4F = {
						CreatedOnToolsVersion = 14.3.1;
					};
				};
			};
			buildConfigurationList = 003051F82A6EF2CF00CDBF4F /* Build configuration list for PBXProject "Cookcademy" */;
			compatibilityVersion = "Xcode 14.0";
			developmentRegion = en;
			hasScannedForEncodings = 0;
			knownRegions = (
				en,
				Base,
			);
			mainGroup = 003051F42A6EF2CF00CDBF4F;
			productRefGroup = 003051FE2A6EF2CF00CDBF4F /* Products */;
			projectDirPath = "";
			projectRoot = "";
			targets = (
				003051FC2A6EF2CF00CDBF4F /* Cookcademy */,
			);
		};
/* End PBXProject section */

/* Begin PBXResourcesBuildPhase section */
		003051FB2A6EF2CF00CDBF4F /* Resources */ = {
			isa = PBXResourcesBuildPhase;
			buildActionMask = 2147483647;
			files = (
				003052082A6EF2D000CDBF4F /* Preview Assets.xcassets in Resources */,
				003052052A6EF2D000CDBF4F /* Assets.xcassets in Resources */,
			);
			runOnlyForDeploymentPostprocessing = 0;
		};
/* End PBXResourcesBuildPhase section */

/* Begin PBXSourcesBuildPhase section */
		003051F92A6EF2CF00CDBF4F /* Sources */ = {
			isa = PBXSourcesBuildPhase;
			buildActionMask = 2147483647;
			files = (
				0030520F2A6EF36F00CDBF4F /* Recipe.swift in Sources */,
				006617862A6F3E3B0014D00D /* RecipeDetailView.swift in Sources */,
				0066178A2A6F43BA0014D00D /* RecipeCategoryGridView.swift in Sources */,
				006617842A6F3C320014D00D /* RecipeData.swift in Sources */,
				00449DAA2A7C6A3A00D0778D /* ModifyDirectionView.swift in Sources */,
				005AF6872A75938D00314523 /* ModifyRecipeView.swift in Sources */,
				00449DA82A79B72A00D0778D /* ModifyComponentsView.swift in Sources */,
				00ED6CA72A81B1ED00616E1C /* MainTabView.swift in Sources */,
				003052032A6EF2CF00CDBF4F /* RecipesListView.swift in Sources */,
				003052012A6EF2CF00CDBF4F /* CookcademyApp.swift in Sources */,
				00449DA42A799E8200D0778D /* ModifyMainInformationView.swift in Sources */,
				006617882A6F40150014D00D /* AppColor.swift in Sources */,
				00449DA62A79B42100D0778D /* ModifyIngredientView.swift in Sources */,
			);
			runOnlyForDeploymentPostprocessing = 0;
		};
/* End PBXSourcesBuildPhase section */

/* Begin XCBuildConfiguration section */
		003052092A6EF2D000CDBF4F /* Debug */ = {
			isa = XCBuildConfiguration;
			buildSettings = {
				ALWAYS_SEARCH_USER_PATHS = NO;
				CLANG_ANALYZER_NONNULL = YES;
				CLANG_ANALYZER_NUMBER_OBJECT_CONVERSION = YES_AGGRESSIVE;
				CLANG_CXX_LANGUAGE_STANDARD = "gnu++20";
				CLANG_ENABLE_MODULES = YES;
				CLANG_ENABLE_OBJC_ARC = YES;
				CLANG_ENABLE_OBJC_WEAK = YES;
				CLANG_WARN_BLOCK_CAPTURE_AUTORELEASING = YES;
				CLANG_WARN_BOOL_CONVERSION = YES;
				CLANG_WARN_COMMA = YES;
				CLANG_WARN_CONSTANT_CONVERSION = YES;
				CLANG_WARN_DEPRECATED_OBJC_IMPLEMENTATIONS = YES;
				CLANG_WARN_DIRECT_OBJC_ISA_USAGE = YES_ERROR;
				CLANG_WARN_DOCUMENTATION_COMMENTS = YES;
				CLANG_WARN_EMPTY_BODY = YES;
				CLANG_WARN_ENUM_CONVERSION = YES;
				CLANG_WARN_INFINITE_RECURSION = YES;
				CLANG_WARN_INT_CONVERSION = YES;
				CLANG_WARN_NON_LITERAL_NULL_CONVERSION = YES;
				CLANG_WARN_OBJC_IMPLICIT_RETAIN_SELF = YES;
				CLANG_WARN_OBJC_LITERAL_CONVERSION = YES;
				CLANG_WARN_OBJC_ROOT_CLASS = YES_ERROR;
				CLANG_WARN_QUOTED_INCLUDE_IN_FRAMEWORK_HEADER = YES;
				CLANG_WARN_RANGE_LOOP_ANALYSIS = YES;
				CLANG_WARN_STRICT_PROTOTYPES = YES;
				CLANG_WARN_SUSPICIOUS_MOVE = YES;
				CLANG_WARN_UNGUARDED_AVAILABILITY = YES_AGGRESSIVE;
				CLANG_WARN_UNREACHABLE_CODE = YES;
				CLANG_WARN__DUPLICATE_METHOD_MATCH = YES;
				COPY_PHASE_STRIP = NO;
				DEBUG_INFORMATION_FORMAT = dwarf;
				ENABLE_STRICT_OBJC_MSGSEND = YES;
				ENABLE_TESTABILITY = YES;
				GCC_C_LANGUAGE_STANDARD = gnu11;
				GCC_DYNAMIC_NO_PIC = NO;
				GCC_NO_COMMON_BLOCKS = YES;
				GCC_OPTIMIZATION_LEVEL = 0;
				GCC_PREPROCESSOR_DEFINITIONS = (
					"DEBUG=1",
					"$(inherited)",
				);
				GCC_WARN_64_TO_32_BIT_CONVERSION = YES;
				GCC_WARN_ABOUT_RETURN_TYPE = YES_ERROR;
				GCC_WARN_UNDECLARED_SELECTOR = YES;
				GCC_WARN_UNINITIALIZED_AUTOS = YES_AGGRESSIVE;
				GCC_WARN_UNUSED_FUNCTION = YES;
				GCC_WARN_UNUSED_VARIABLE = YES;
				IPHONEOS_DEPLOYMENT_TARGET = 16.4;
				MTL_ENABLE_DEBUG_INFO = INCLUDE_SOURCE;
				MTL_FAST_MATH = YES;
				ONLY_ACTIVE_ARCH = YES;
				SDKROOT = iphoneos;
				SWIFT_ACTIVE_COMPILATION_CONDITIONS = DEBUG;
				SWIFT_OPTIMIZATION_LEVEL = "-Onone";
			};
			name = Debug;
		};
		0030520A2A6EF2D000CDBF4F /* Release */ = {
			isa = XCBuildConfiguration;
			buildSettings = {
				ALWAYS_SEARCH_USER_PATHS = NO;
				CLANG_ANALYZER_NONNULL = YES;
				CLANG_ANALYZER_NUMBER_OBJECT_CONVERSION = YES_AGGRESSIVE;
				CLANG_CXX_LANGUAGE_STANDARD = "gnu++20";
				CLANG_ENABLE_MODULES = YES;
				CLANG_ENABLE_OBJC_ARC = YES;
				CLANG_ENABLE_OBJC_WEAK = YES;
				CLANG_WARN_BLOCK_CAPTURE_AUTORELEASING = YES;
				CLANG_WARN_BOOL_CONVERSION = YES;
				CLANG_WARN_COMMA = YES;
				CLANG_WARN_CONSTANT_CONVERSION = YES;
				CLANG_WARN_DEPRECATED_OBJC_IMPLEMENTATIONS = YES;
				CLANG_WARN_DIRECT_OBJC_ISA_USAGE = YES_ERROR;
				CLANG_WARN_DOCUMENTATION_COMMENTS = YES;
				CLANG_WARN_EMPTY_BODY = YES;
				CLANG_WARN_ENUM_CONVERSION = YES;
				CLANG_WARN_INFINITE_RECURSION = YES;
				CLANG_WARN_INT_CONVERSION = YES;
				CLANG_WARN_NON_LITERAL_NULL_CONVERSION = YES;
				CLANG_WARN_OBJC_IMPLICIT_RETAIN_SELF = YES;
				CLANG_WARN_OBJC_LITERAL_CONVERSION = YES;
				CLANG_WARN_OBJC_ROOT_CLASS = YES_ERROR;
				CLANG_WARN_QUOTED_INCLUDE_IN_FRAMEWORK_HEADER = YES;
				CLANG_WARN_RANGE_LOOP_ANALYSIS = YES;
				CLANG_WARN_STRICT_PROTOTYPES = YES;
				CLANG_WARN_SUSPICIOUS_MOVE = YES;
				CLANG_WARN_UNGUARDED_AVAILABILITY = YES_AGGRESSIVE;
				CLANG_WARN_UNREACHABLE_CODE = YES;
				CLANG_WARN__DUPLICATE_METHOD_MATCH = YES;
				COPY_PHASE_STRIP = NO;
				DEBUG_INFORMATION_FORMAT = "dwarf-with-dsym";
				ENABLE_NS_ASSERTIONS = NO;
				ENABLE_STRICT_OBJC_MSGSEND = YES;
				GCC_C_LANGUAGE_STANDARD = gnu11;
				GCC_NO_COMMON_BLOCKS = YES;
				GCC_WARN_64_TO_32_BIT_CONVERSION = YES;
				GCC_WARN_ABOUT_RETURN_TYPE = YES_ERROR;
				GCC_WARN_UNDECLARED_SELECTOR = YES;
				GCC_WARN_UNINITIALIZED_AUTOS = YES_AGGRESSIVE;
				GCC_WARN_UNUSED_FUNCTION = YES;
				GCC_WARN_UNUSED_VARIABLE = YES;
				IPHONEOS_DEPLOYMENT_TARGET = 16.4;
				MTL_ENABLE_DEBUG_INFO = NO;
				MTL_FAST_MATH = YES;
				SDKROOT = iphoneos;
				SWIFT_COMPILATION_MODE = wholemodule;
				SWIFT_OPTIMIZATION_LEVEL = "-O";
				VALIDATE_PRODUCT = YES;
			};
			name = Release;
		};
		0030520C2A6EF2D000CDBF4F /* Debug */ = {
			isa = XCBuildConfiguration;
			buildSettings = {
				ASSETCATALOG_COMPILER_APPICON_NAME = AppIcon;
				ASSETCATALOG_COMPILER_GLOBAL_ACCENT_COLOR_NAME = AccentColor;
				CODE_SIGN_STYLE = Automatic;
				CURRENT_PROJECT_VERSION = 1;
				DEVELOPMENT_ASSET_PATHS = "\"Cookcademy/Preview Content\"";
				ENABLE_PREVIEWS = YES;
				GENERATE_INFOPLIST_FILE = YES;
				INFOPLIST_KEY_UIApplicationSceneManifest_Generation = YES;
				INFOPLIST_KEY_UIApplicationSupportsIndirectInputEvents = YES;
				INFOPLIST_KEY_UILaunchScreen_Generation = YES;
				INFOPLIST_KEY_UISupportedInterfaceOrientations_iPad = "UIInterfaceOrientationPortrait UIInterfaceOrientationPortraitUpsideDown UIInterfaceOrientationLandscapeLeft UIInterfaceOrientationLandscapeRight";
				INFOPLIST_KEY_UISupportedInterfaceOrientations_iPhone = "UIInterfaceOrientationPortrait UIInterfaceOrientationLandscapeLeft UIInterfaceOrientationLandscapeRight";
				LD_RUNPATH_SEARCH_PATHS = (
					"$(inherited)",
					"@executable_path/Frameworks",
				);
				MARKETING_VERSION = 1.0;
				PRODUCT_BUNDLE_IDENTIFIER = AJ.Cookcademy;
				PRODUCT_NAME = "$(TARGET_NAME)";
				SWIFT_EMIT_LOC_STRINGS = YES;
				SWIFT_VERSION = 5.0;
				TARGETED_DEVICE_FAMILY = "1,2";
			};
			name = Debug;
		};
		0030520D2A6EF2D000CDBF4F /* Release */ = {
			isa = XCBuildConfiguration;
			buildSettings = {
				ASSETCATALOG_COMPILER_APPICON_NAME = AppIcon;
				ASSETCATALOG_COMPILER_GLOBAL_ACCENT_COLOR_NAME = AccentColor;
				CODE_SIGN_STYLE = Automatic;
				CURRENT_PROJECT_VERSION = 1;
				DEVELOPMENT_ASSET_PATHS = "\"Cookcademy/Preview Content\"";
				ENABLE_PREVIEWS = YES;
				GENERATE_INFOPLIST_FILE = YES;
				INFOPLIST_KEY_UIApplicationSceneManifest_Generation = YES;
				INFOPLIST_KEY_UIApplicationSupportsIndirectInputEvents = YES;
				INFOPLIST_KEY_UILaunchScreen_Generation = YES;
				INFOPLIST_KEY_UISupportedInterfaceOrientations_iPad = "UIInterfaceOrientationPortrait UIInterfaceOrientationPortraitUpsideDown UIInterfaceOrientationLandscapeLeft UIInterfaceOrientationLandscapeRight";
				INFOPLIST_KEY_UISupportedInterfaceOrientations_iPhone = "UIInterfaceOrientationPortrait UIInterfaceOrientationLandscapeLeft UIInterfaceOrientationLandscapeRight";
				LD_RUNPATH_SEARCH_PATHS = (
					"$(inherited)",
					"@executable_path/Frameworks",
				);
				MARKETING_VERSION = 1.0;
				PRODUCT_BUNDLE_IDENTIFIER = AJ.Cookcademy;
				PRODUCT_NAME = "$(TARGET_NAME)";
				SWIFT_EMIT_LOC_STRINGS = YES;
				SWIFT_VERSION = 5.0;
				TARGETED_DEVICE_FAMILY = "1,2";
			};
			name = Release;
		};
/* End XCBuildConfiguration section */

/* Begin XCConfigurationList section */
		003051F82A6EF2CF00CDBF4F /* Build configuration list for PBXProject "Cookcademy" */ = {
			isa = XCConfigurationList;
			buildConfigurations = (
				003052092A6EF2D000CDBF4F /* Debug */,
				0030520A2A6EF2D000CDBF4F /* Release */,
			);
			defaultConfigurationIsVisible = 0;
			defaultConfigurationName = Release;
		};
		0030520B2A6EF2D000CDBF4F /* Build configuration list for PBXNativeTarget "Cookcademy" */ = {
			isa = XCConfigurationList;
			buildConfigurations = (
				0030520C2A6EF2D000CDBF4F /* Debug */,
				0030520D2A6EF2D000CDBF4F /* Release */,
			);
			defaultConfigurationIsVisible = 0;
			defaultConfigurationName = Release;
		};
/* End XCConfigurationList section */
	};
	rootObject = 003051F52A6EF2CF00CDBF4F /* Project object */;
}
